{
  "version": 4,
  "terraform_version": "1.9.7",
  "serial": 76,
  "lineage": "4077768b-0516-d2a9-f34a-df149d0f3dab",
  "outputs": {},
  "resources": [
    {
      "mode": "managed",
      "type": "local_file",
      "name": "file1",
      "provider": "provider[\"registry.terraform.io/hashicorp/local\"]",
      "instances": [
        {
          "schema_version": 0,
          "attributes": {
            "content": "This variable is from my terraforms.tfvars filee",
            "content_base64": null,
            "content_base64sha256": "YhGaz0YcpVb8NxeJCajuJh0Nn1MKqj6vvyYfiSPzYsk=",
            "content_base64sha512": "7//KA5zRC6FohJhp+NkQRIkfITuOvXsjT8MLwVens3umDPdbjxlvBHTtTa9ivpXCGeZsBs8k1PSjLHASaMbLdw==",
            "content_md5": "fb19dfbf8886239c2b76f948e2a0da55",
            "content_sha1": "4b00177d90420560665762bf74c58a8ed9d8defb",
            "content_sha256": "62119acf461ca556fc37178909a8ee261d0d9f530aaa3eafbf261f8923f362c9",
            "content_sha512": "efffca039cd10ba168849869f8d91044891f213b8ebd7b234fc30bc157a7b37ba60cf75b8f196f0474ed4daf62be95c219e66c06cf24d4f4a32c701268c6cb77",
            "directory_permission": "0777",
            "file_permission": "0777",
            "filename": "file1.txt",
            "id": "4b00177d90420560665762bf74c58a8ed9d8defb",
            "sensitive_content": null,
            "source": null
          },
          "sensitive_attributes": [
            [
              {
                "type": "get_attr",
                "value": "sensitive_content"
              }
            ]
          ]
        }
      ]
    },
    {
      "mode": "managed",
      "type": "local_file",
      "name": "file2",
      "provider": "provider[\"registry.terraform.io/hashicorp/local\"]",
      "instances": [
        {
          "schema_version": 0,
          "attributes": {
            "content": "This is variable from anyname.auto.tfvars",
            "content_base64": null,
            "content_base64sha256": "FTkuDJo6eZKEk9rSXYU4v8VcQf4LojVqixtA2NS/O8A=",
            "content_base64sha512": "gOeKXxIc4FtYKmw0T/0PbruAsk3B/hOiJkptNW217cLok+S321lshdUZ1DtyOzTv4qDviddmqbgFff+i8bPXMg==",
            "content_md5": "ab88c5e1152e77d44c103a9cb34259b4",
            "content_sha1": "7e684e8c40aa001b805244f5cb24e4cf0c3207ab",
            "content_sha256": "15392e0c9a3a79928493dad25d8538bfc55c41fe0ba2356a8b1b40d8d4bf3bc0",
            "content_sha512": "80e78a5f121ce05b582a6c344ffd0f6ebb80b24dc1fe13a2264a6d356db5edc2e893e4b7db596c85d519d43b723b34efe2a0ef89d766a9b8057dffa2f1b3d732",
            "directory_permission": "0777",
            "file_permission": "0777",
            "filename": "file2.txt",
            "id": "7e684e8c40aa001b805244f5cb24e4cf0c3207ab",
            "sensitive_content": null,
            "source": null
          },
          "sensitive_attributes": [
            [
              {
                "type": "get_attr",
                "value": "sensitive_content"
              }
            ]
          ]
        }
      ]
    },
    {
      "mode": "managed",
      "type": "local_file",
      "name": "file3",
      "provider": "provider[\"registry.terraform.io/hashicorp/local\"]",
      "instances": [
        {
          "schema_version": 0,
          "attributes": {
            "content": "This is var_5 from .properties file",
            "content_base64": null,
            "content_base64sha256": "CAeX0MHh5AqysgD6fDhhNJzSH3hP4y6M2Y1p4n+YSLs=",
            "content_base64sha512": "KAlm8J+3wxsk4lZsYECJv06twU83FO+UVrw4snv1P6OoSZs0K/QlszeRBdBLlxsI64PuKWlaegx8g54yrjtaFg==",
            "content_md5": "8e774bf0a35af019ecfd3d6bac4e1f5e",
            "content_sha1": "faae93dfc0d002d6408c23dee021545f0aa878ea",
            "content_sha256": "080797d0c1e1e40ab2b200fa7c3861349cd21f784fe32e8cd98d69e27f9848bb",
            "content_sha512": "280966f09fb7c31b24e2566c604089bf4eadc14f3714ef9456bc38b27bf53fa3a8499b342bf425b3379105d04b971b08eb83ee29695a7a0c7c839e32ae3b5a16",
            "directory_permission": "0777",
            "file_permission": "0777",
            "filename": "file3.txt",
            "id": "faae93dfc0d002d6408c23dee021545f0aa878ea",
            "sensitive_content": null,
            "source": null
          },
          "sensitive_attributes": [
            [
              {
                "type": "get_attr",
                "value": "sensitive_content"
              }
            ]
          ]
        }
      ]
    }
  ],
  "check_results": null
}
