{
  "version": 4,
  "terraform_version": "1.9.7",
  "serial": 72,
  "lineage": "4077768b-0516-d2a9-f34a-df149d0f3dab",
  "outputs": {},
  "resources": [
    {
      "mode": "managed",
      "type": "local_file",
      "name": "file1",
      "provider": "provider[\"registry.terraform.io/hashicorp/local\"]",
      "instances": [
        {
          "schema_version": 0,
          "attributes": {
            "content": "This is inline injection",
            "content_base64": null,
            "content_base64sha256": "b7KolHDLoLuqGyU7PYRacQSTIJ+oqyuCqeYRe5N0iP4=",
            "content_base64sha512": "+Ozvqzz0Ipt1zKgqfkCtudsx5n+0i58Pwxo//KlQuxHYnp5nUG+VXpiwPfDm5DfUoBtzIhxHOPPnqF/tfSWddw==",
            "content_md5": "5db0c22ec4b2e225af6f065a5558b0fa",
            "content_sha1": "ca0dbe706d631a3a755aad5e588cc7958f78621d",
            "content_sha256": "6fb2a89470cba0bbaa1b253b3d845a710493209fa8ab2b82a9e6117b937488fe",
            "content_sha512": "f8ecefab3cf4229b75cca82a7e40adb9db31e67fb48b9f0fc31a3ffca950bb11d89e9e67506f955e98b03df0e6e437d4a01b73221c4738f3e7a85fed7d259d77",
            "directory_permission": "0777",
            "file_permission": "0777",
            "filename": "file1.txt",
            "id": "ca0dbe706d631a3a755aad5e588cc7958f78621d",
            "sensitive_content": null,
            "source": null
          },
          "sensitive_attributes": [
            [
              {
                "type": "get_attr",
                "value": "sensitive_content"
              }
            ]
          ]
        }
      ]
    },
    {
      "mode": "managed",
      "type": "local_file",
      "name": "file2",
      "provider": "provider[\"registry.terraform.io/hashicorp/local\"]",
      "instances": [
        {
          "schema_version": 0,
          "attributes": {
            "content": "This is variable from anyname.auto.tfvars",
            "content_base64": null,
            "content_base64sha256": "FTkuDJo6eZKEk9rSXYU4v8VcQf4LojVqixtA2NS/O8A=",
            "content_base64sha512": "gOeKXxIc4FtYKmw0T/0PbruAsk3B/hOiJkptNW217cLok+S321lshdUZ1DtyOzTv4qDviddmqbgFff+i8bPXMg==",
            "content_md5": "ab88c5e1152e77d44c103a9cb34259b4",
            "content_sha1": "7e684e8c40aa001b805244f5cb24e4cf0c3207ab",
            "content_sha256": "15392e0c9a3a79928493dad25d8538bfc55c41fe0ba2356a8b1b40d8d4bf3bc0",
            "content_sha512": "80e78a5f121ce05b582a6c344ffd0f6ebb80b24dc1fe13a2264a6d356db5edc2e893e4b7db596c85d519d43b723b34efe2a0ef89d766a9b8057dffa2f1b3d732",
            "directory_permission": "0777",
            "file_permission": "0777",
            "filename": "file2.txt",
            "id": "7e684e8c40aa001b805244f5cb24e4cf0c3207ab",
            "sensitive_content": null,
            "source": null
          },
          "sensitive_attributes": [
            [
              {
                "type": "get_attr",
                "value": "sensitive_content"
              }
            ]
          ]
        }
      ]
    }
  ],
  "check_results": null
}
